
Microsoft Visual Studio Solution File, Format Version 12.00
# Visual Studio Version 17
VisualStudioVersion = 17.2.32630.192
MinimumVisualStudioVersion = 10.0.40219.1
Project("{9A19103F-16F7-4668-BE54-9A1E7A4F7556}") = "ReadEmbeddedResource", "ReadEmbeddedResource.csproj", "{D9E71CB4-921B-43D9-A189-32CAF5AF67B7}"
EndProject
Global
	GlobalSection(SolutionConfigurationPlatforms) = preSolution
		Debug|Any CPU = Debug|Any CPU
		Release|Any CPU = Release|Any CPU
	EndGlobalSection
	GlobalSection(ProjectConfigurationPlatforms) = postSolution
		{D9E71CB4-921B-43D9-A189-32CAF5AF67B7}.Debug|Any CPU.ActiveCfg = Debug|Any CPU
		{D9E71CB4-921B-43D9-A189-32CAF5AF67B7}.Debug|Any CPU.Build.0 = Debug|Any CPU
		{D9E71CB4-921B-43D9-A189-32CAF5AF67B7}.Release|Any CPU.ActiveCfg = Release|Any CPU
		{D9E71CB4-921B-43D9-A189-32CAF5AF67B7}.Release|Any CPU.Build.0 = Release|Any CPU
	EndGlobalSection
	GlobalSection(SolutionProperties) = preSolution
		HideSolutionNode = FALSE
	EndGlobalSection
	GlobalSection(ExtensibilityGlobals) = postSolution
		SolutionGuid = {7ABBB949-6859-4847-B84F-693E7E2220D1}
	EndGlobalSection
EndGlobal
