
Microsoft Visual Studio Solution File, Format Version 12.00
# Visual Studio Version 17
VisualStudioVersion = 17.2.32630.192
MinimumVisualStudioVersion = 10.0.40219.1
Project("{FAE04EC0-301F-11D3-BF4B-00C04F79EFBC}") = "MSTest", "MSTest.csproj", "{9C94B897-B493-4B95-B33D-841B3387B278}"
EndProject
Global
	GlobalSection(SolutionConfigurationPlatforms) = preSolution
		Debug|Any CPU = Debug|Any CPU
		Release|Any CPU = Release|Any CPU
	EndGlobalSection
	GlobalSection(ProjectConfigurationPlatforms) = postSolution
		{9C94B897-B493-4B95-B33D-841B3387B278}.Debug|Any CPU.ActiveCfg = Debug|Any CPU
		{9C94B897-B493-4B95-B33D-841B3387B278}.Debug|Any CPU.Build.0 = Debug|Any CPU
		{9C94B897-B493-4B95-B33D-841B3387B278}.Release|Any CPU.ActiveCfg = Release|Any CPU
		{9C94B897-B493-4B95-B33D-841B3387B278}.Release|Any CPU.Build.0 = Release|Any CPU
	EndGlobalSection
	GlobalSection(SolutionProperties) = preSolution
		HideSolutionNode = FALSE
	EndGlobalSection
	GlobalSection(ExtensibilityGlobals) = postSolution
		SolutionGuid = {AF9F74D8-B39C-4625-B5F2-0C3C983EAC80}
	EndGlobalSection
EndGlobal
